
Microsoft Visual Studio Solution File, Format Version 12.00
# Visual Studio Version 17
VisualStudioVersion = 17.8.34322.80
MinimumVisualStudioVersion = 10.0.40219.1
Project("{FAE04EC0-301F-11D3-BF4B-00C04F79EFBC}") = "MedicamentosCadastro", "MedicamentosCadastro\MedicamentosCadastro.csproj", "{4E5D43DA-EC24-49AF-A0A2-9D0D64711632}"
EndProject
Global
	GlobalSection(SolutionConfigurationPlatforms) = preSolution
		Debug|Any CPU = Debug|Any CPU
		Release|Any CPU = Release|Any CPU
	EndGlobalSection
	GlobalSection(ProjectConfigurationPlatforms) = postSolution
		{4E5D43DA-EC24-49AF-A0A2-9D0D64711632}.Debug|Any CPU.ActiveCfg = Debug|Any CPU
		{4E5D43DA-EC24-49AF-A0A2-9D0D64711632}.Debug|Any CPU.Build.0 = Debug|Any CPU
		{4E5D43DA-EC24-49AF-A0A2-9D0D64711632}.Release|Any CPU.ActiveCfg = Release|Any CPU
		{4E5D43DA-EC24-49AF-A0A2-9D0D64711632}.Release|Any CPU.Build.0 = Release|Any CPU
	EndGlobalSection
	GlobalSection(SolutionProperties) = preSolution
		HideSolutionNode = FALSE
	EndGlobalSection
	GlobalSection(ExtensibilityGlobals) = postSolution
		SolutionGuid = {145FE995-5989-4E9F-8C05-9D2DA1D7D67E}
	EndGlobalSection
EndGlobal
